// !$*UTF8*$!
{
	archiveVersion = 1;
	classes = {
	};
	objectVersion = 52;
	objects = {

/* Begin PBXBuildFile section */
		10076192252401D400341E01 /* EditPlantView.swift in Sources */ = {isa = PBXBuildFile; fileRef = 10076191252401D400341E01 /* EditPlantView.swift */; };
		10076197252402FD00341E01 /* EditPlantViewModel.swift in Sources */ = {isa = PBXBuildFile; fileRef = 10076196252402FD00341E01 /* EditPlantViewModel.swift */; };
		1007619D2524D20A00341E01 /* DismissGuardian.swift in Sources */ = {isa = PBXBuildFile; fileRef = 1007619C2524D20A00341E01 /* DismissGuardian.swift */; };
		100761A22524D22D00341E01 /* DismissGuardianUIHostingController.swift in Sources */ = {isa = PBXBuildFile; fileRef = 100761A12524D22D00341E01 /* DismissGuardianUIHostingController.swift */; };
		100761A72524D49C00341E01 /* MockPlant.swift in Sources */ = {isa = PBXBuildFile; fileRef = 100761A62524D49C00341E01 /* MockPlant.swift */; };
		10093AE2251F96D100087D15 /* JSONReader.swift in Sources */ = {isa = PBXBuildFile; fileRef = 10093AE1251F96D100087D15 /* JSONReader.swift */; };
		101346442528C24F00B0ECAB /* GoogleService-Info.plist in Resources */ = {isa = PBXBuildFile; fileRef = 101346432528C24F00B0ECAB /* GoogleService-Info.plist */; };
		101530182510039900CD0EEA /* PlantCareApp.swift in Sources */ = {isa = PBXBuildFile; fileRef = 101530172510039900CD0EEA /* PlantCareApp.swift */; };
		1015301A2510039900CD0EEA /* ContentView.swift in Sources */ = {isa = PBXBuildFile; fileRef = 101530192510039900CD0EEA /* ContentView.swift */; };
		1015301C2510039A00CD0EEA /* Assets.xcassets in Resources */ = {isa = PBXBuildFile; fileRef = 1015301B2510039A00CD0EEA /* Assets.xcassets */; };
		1015301F2510039A00CD0EEA /* Preview Assets.xcassets in Resources */ = {isa = PBXBuildFile; fileRef = 1015301E2510039A00CD0EEA /* Preview Assets.xcassets */; };
		1015302A2510039A00CD0EEA /* PlantCareTests.swift in Sources */ = {isa = PBXBuildFile; fileRef = 101530292510039A00CD0EEA /* PlantCareTests.swift */; };
		101530352510039A00CD0EEA /* PlantCareUITests.swift in Sources */ = {isa = PBXBuildFile; fileRef = 101530342510039A00CD0EEA /* PlantCareUITests.swift */; };
		1015304325100DED00CD0EEA /* FloatingTabbar.swift in Sources */ = {isa = PBXBuildFile; fileRef = 1015304225100DED00CD0EEA /* FloatingTabbar.swift */; };
		1015304525102B6B00CD0EEA /* ViewRouter.swift in Sources */ = {isa = PBXBuildFile; fileRef = 1015304425102B6B00CD0EEA /* ViewRouter.swift */; };
		1015304725102F0800CD0EEA /* HomeView.swift in Sources */ = {isa = PBXBuildFile; fileRef = 1015304625102F0800CD0EEA /* HomeView.swift */; };
		101530492511040C00CD0EEA /* Modifiers.swift in Sources */ = {isa = PBXBuildFile; fileRef = 101530482511040C00CD0EEA /* Modifiers.swift */; };
		1015304B2511056600CD0EEA /* SummaryView.swift in Sources */ = {isa = PBXBuildFile; fileRef = 1015304A2511056600CD0EEA /* SummaryView.swift */; };
		1049CB1F2520CBED0055E183 /* PlantService.swift in Sources */ = {isa = PBXBuildFile; fileRef = 1049CB1E2520CBED0055E183 /* PlantService.swift */; };
		104DE831251BFA270062FE43 /* Plants.swift in Sources */ = {isa = PBXBuildFile; fileRef = 104DE830251BFA270062FE43 /* Plants.swift */; };
		10830BBB251B89110029BC4D /* PlantRingView.swift in Sources */ = {isa = PBXBuildFile; fileRef = 10830BBA251B89110029BC4D /* PlantRingView.swift */; };
		10A800F625226529000D7780 /* House.swift in Sources */ = {isa = PBXBuildFile; fileRef = 10A800F525226529000D7780 /* House.swift */; };
		10A80104252268B1000D7780 /* PlantCareViewModel.swift in Sources */ = {isa = PBXBuildFile; fileRef = 10A80103252268B1000D7780 /* PlantCareViewModel.swift */; };
		10B56AA7252D277A00EBF20A /* PresentationWrapper.swift in Sources */ = {isa = PBXBuildFile; fileRef = 10B56AA6252D277A00EBF20A /* PresentationWrapper.swift */; };
		10B5B8D7251CE2F6001F7F39 /* URLImage in Frameworks */ = {isa = PBXBuildFile; productRef = 10B5B8D6251CE2F6001F7F39 /* URLImage */; };
		10B5B8DD251CEF6A001F7F39 /* PlantInformationCard.swift in Sources */ = {isa = PBXBuildFile; fileRef = 10B5B8DC251CEF6A001F7F39 /* PlantInformationCard.swift */; };
		10B5B8E5251D00E1001F7F39 /* PlantDetailBackButton.swift in Sources */ = {isa = PBXBuildFile; fileRef = 10B5B8E4251D00E1001F7F39 /* PlantDetailBackButton.swift */; };
		10C8E9C9251B9F6900AF4AC1 /* Utilities.swift in Sources */ = {isa = PBXBuildFile; fileRef = 10C8E9C8251B9F6900AF4AC1 /* Utilities.swift */; };
		10E50F3F25226E0700909E0C /* mockHouses.json in Resources */ = {isa = PBXBuildFile; fileRef = 10A800FA252265F7000D7780 /* mockHouses.json */; };
		10E9D0C3251A5D0A00CDBE88 /* PlantDetailView.swift in Sources */ = {isa = PBXBuildFile; fileRef = 10E9D0C2251A5D0A00CDBE88 /* PlantDetailView.swift */; };
		10E9D0C8251A5D5F00CDBE88 /* PlantListItemView.swift in Sources */ = {isa = PBXBuildFile; fileRef = 10E9D0C7251A5D5F00CDBE88 /* PlantListItemView.swift */; };
		10F51E2025276D78005E115F /* ImagePicker.swift in Sources */ = {isa = PBXBuildFile; fileRef = 10F51E1F25276D78005E115F /* ImagePicker.swift */; };
		255144FCE971B2C9746803A9 /* Pods_PlantCare_PlantCareUITests.framework in Frameworks */ = {isa = PBXBuildFile; fileRef = 912ED7079EDD202BB14CDC98 /* Pods_PlantCare_PlantCareUITests.framework */; };
		B181202B27B710708BDF1E3E /* Pods_PlantCare.framework in Frameworks */ = {isa = PBXBuildFile; fileRef = 7F8912BFC9F249581A97AEF7 /* Pods_PlantCare.framework */; };
		DDF9407EF7840480704C4A31 /* Pods_PlantCareTests.framework in Frameworks */ = {isa = PBXBuildFile; fileRef = 3FC7936D9CEA177E6F4D4CE5 /* Pods_PlantCareTests.framework */; };
/* End PBXBuildFile section */

/* Begin PBXContainerItemProxy section */
		101530262510039A00CD0EEA /* PBXContainerItemProxy */ = {
			isa = PBXContainerItemProxy;
			containerPortal = 1015300C2510039900CD0EEA /* Project object */;
			proxyType = 1;
			remoteGlobalIDString = 101530132510039900CD0EEA;
			remoteInfo = PlantCare;
		};
		101530312510039A00CD0EEA /* PBXContainerItemProxy */ = {
			isa = PBXContainerItemProxy;
			containerPortal = 1015300C2510039900CD0EEA /* Project object */;
			proxyType = 1;
			remoteGlobalIDString = 101530132510039900CD0EEA;
			remoteInfo = PlantCare;
		};
/* End PBXContainerItemProxy section */

/* Begin PBXFileReference section */
		10076191252401D400341E01 /* EditPlantView.swift */ = {isa = PBXFileReference; lastKnownFileType = sourcecode.swift; path = EditPlantView.swift; sourceTree = "<group>"; };
		10076196252402FD00341E01 /* EditPlantViewModel.swift */ = {isa = PBXFileReference; lastKnownFileType = sourcecode.swift; path = EditPlantViewModel.swift; sourceTree = "<group>"; };
		1007619C2524D20A00341E01 /* DismissGuardian.swift */ = {isa = PBXFileReference; lastKnownFileType = sourcecode.swift; path = DismissGuardian.swift; sourceTree = "<group>"; };
		100761A12524D22D00341E01 /* DismissGuardianUIHostingController.swift */ = {isa = PBXFileReference; lastKnownFileType = sourcecode.swift; path = DismissGuardianUIHostingController.swift; sourceTree = "<group>"; };
		100761A62524D49C00341E01 /* MockPlant.swift */ = {isa = PBXFileReference; lastKnownFileType = sourcecode.swift; path = MockPlant.swift; sourceTree = "<group>"; };
		10093AE1251F96D100087D15 /* JSONReader.swift */ = {isa = PBXFileReference; lastKnownFileType = sourcecode.swift; path = JSONReader.swift; sourceTree = "<group>"; };
		101346432528C24F00B0ECAB /* GoogleService-Info.plist */ = {isa = PBXFileReference; fileEncoding = 4; lastKnownFileType = text.plist.xml; path = "GoogleService-Info.plist"; sourceTree = "<group>"; };
		101530142510039900CD0EEA /* PlantCare.app */ = {isa = PBXFileReference; explicitFileType = wrapper.application; includeInIndex = 0; path = PlantCare.app; sourceTree = BUILT_PRODUCTS_DIR; };
		101530172510039900CD0EEA /* PlantCareApp.swift */ = {isa = PBXFileReference; lastKnownFileType = sourcecode.swift; path = PlantCareApp.swift; sourceTree = "<group>"; };
		101530192510039900CD0EEA /* ContentView.swift */ = {isa = PBXFileReference; lastKnownFileType = sourcecode.swift; path = ContentView.swift; sourceTree = "<group>"; };
		1015301B2510039A00CD0EEA /* Assets.xcassets */ = {isa = PBXFileReference; lastKnownFileType = folder.assetcatalog; path = Assets.xcassets; sourceTree = "<group>"; };
		1015301E2510039A00CD0EEA /* Preview Assets.xcassets */ = {isa = PBXFileReference; lastKnownFileType = folder.assetcatalog; path = "Preview Assets.xcassets"; sourceTree = "<group>"; };
		101530202510039A00CD0EEA /* Info.plist */ = {isa = PBXFileReference; lastKnownFileType = text.plist.xml; path = Info.plist; sourceTree = "<group>"; };
		101530252510039A00CD0EEA /* PlantCareTests.xctest */ = {isa = PBXFileReference; explicitFileType = wrapper.cfbundle; includeInIndex = 0; path = PlantCareTests.xctest; sourceTree = BUILT_PRODUCTS_DIR; };
		101530292510039A00CD0EEA /* PlantCareTests.swift */ = {isa = PBXFileReference; lastKnownFileType = sourcecode.swift; path = PlantCareTests.swift; sourceTree = "<group>"; };
		1015302B2510039A00CD0EEA /* Info.plist */ = {isa = PBXFileReference; lastKnownFileType = text.plist.xml; path = Info.plist; sourceTree = "<group>"; };
		101530302510039A00CD0EEA /* PlantCareUITests.xctest */ = {isa = PBXFileReference; explicitFileType = wrapper.cfbundle; includeInIndex = 0; path = PlantCareUITests.xctest; sourceTree = BUILT_PRODUCTS_DIR; };
		101530342510039A00CD0EEA /* PlantCareUITests.swift */ = {isa = PBXFileReference; lastKnownFileType = sourcecode.swift; path = PlantCareUITests.swift; sourceTree = "<group>"; };
		101530362510039A00CD0EEA /* Info.plist */ = {isa = PBXFileReference; lastKnownFileType = text.plist.xml; path = Info.plist; sourceTree = "<group>"; };
		1015304225100DED00CD0EEA /* FloatingTabbar.swift */ = {isa = PBXFileReference; lastKnownFileType = sourcecode.swift; path = FloatingTabbar.swift; sourceTree = "<group>"; };
		1015304425102B6B00CD0EEA /* ViewRouter.swift */ = {isa = PBXFileReference; lastKnownFileType = sourcecode.swift; path = ViewRouter.swift; sourceTree = "<group>"; };
		1015304625102F0800CD0EEA /* HomeView.swift */ = {isa = PBXFileReference; lastKnownFileType = sourcecode.swift; path = HomeView.swift; sourceTree = "<group>"; };
		101530482511040C00CD0EEA /* Modifiers.swift */ = {isa = PBXFileReference; lastKnownFileType = sourcecode.swift; path = Modifiers.swift; sourceTree = "<group>"; };
		1015304A2511056600CD0EEA /* SummaryView.swift */ = {isa = PBXFileReference; lastKnownFileType = sourcecode.swift; path = SummaryView.swift; sourceTree = "<group>"; };
		1049CB1E2520CBED0055E183 /* PlantService.swift */ = {isa = PBXFileReference; lastKnownFileType = sourcecode.swift; path = PlantService.swift; sourceTree = "<group>"; };
		104DE830251BFA270062FE43 /* Plants.swift */ = {isa = PBXFileReference; lastKnownFileType = sourcecode.swift; path = Plants.swift; sourceTree = "<group>"; };
		10830BBA251B89110029BC4D /* PlantRingView.swift */ = {isa = PBXFileReference; lastKnownFileType = sourcecode.swift; path = PlantRingView.swift; sourceTree = "<group>"; };
		10A800F525226529000D7780 /* House.swift */ = {isa = PBXFileReference; lastKnownFileType = sourcecode.swift; path = House.swift; sourceTree = "<group>"; };
		10A800FA252265F7000D7780 /* mockHouses.json */ = {isa = PBXFileReference; lastKnownFileType = text.json; path = mockHouses.json; sourceTree = "<group>"; };
		10A80103252268B1000D7780 /* PlantCareViewModel.swift */ = {isa = PBXFileReference; lastKnownFileType = sourcecode.swift; path = PlantCareViewModel.swift; sourceTree = "<group>"; };
		10B56AA6252D277A00EBF20A /* PresentationWrapper.swift */ = {isa = PBXFileReference; lastKnownFileType = sourcecode.swift; path = PresentationWrapper.swift; sourceTree = "<group>"; };
		10B5B8DC251CEF6A001F7F39 /* PlantInformationCard.swift */ = {isa = PBXFileReference; lastKnownFileType = sourcecode.swift; path = PlantInformationCard.swift; sourceTree = "<group>"; };
		10B5B8E4251D00E1001F7F39 /* PlantDetailBackButton.swift */ = {isa = PBXFileReference; lastKnownFileType = sourcecode.swift; path = PlantDetailBackButton.swift; sourceTree = "<group>"; };
		10C8E9C8251B9F6900AF4AC1 /* Utilities.swift */ = {isa = PBXFileReference; lastKnownFileType = sourcecode.swift; path = Utilities.swift; sourceTree = "<group>"; };
		10E9D0C2251A5D0A00CDBE88 /* PlantDetailView.swift */ = {isa = PBXFileReference; lastKnownFileType = sourcecode.swift; path = PlantDetailView.swift; sourceTree = "<group>"; };
		10E9D0C7251A5D5F00CDBE88 /* PlantListItemView.swift */ = {isa = PBXFileReference; lastKnownFileType = sourcecode.swift; path = PlantListItemView.swift; sourceTree = "<group>"; };
		10F51E1F25276D78005E115F /* ImagePicker.swift */ = {isa = PBXFileReference; lastKnownFileType = sourcecode.swift; path = ImagePicker.swift; sourceTree = "<group>"; };
		3FC7936D9CEA177E6F4D4CE5 /* Pods_PlantCareTests.framework */ = {isa = PBXFileReference; explicitFileType = wrapper.framework; includeInIndex = 0; path = Pods_PlantCareTests.framework; sourceTree = BUILT_PRODUCTS_DIR; };
		62DC94426E410AF78B14ABC6 /* Pods-PlantCare.debug.xcconfig */ = {isa = PBXFileReference; includeInIndex = 1; lastKnownFileType = text.xcconfig; name = "Pods-PlantCare.debug.xcconfig"; path = "Target Support Files/Pods-PlantCare/Pods-PlantCare.debug.xcconfig"; sourceTree = "<group>"; };
		7F8912BFC9F249581A97AEF7 /* Pods_PlantCare.framework */ = {isa = PBXFileReference; explicitFileType = wrapper.framework; includeInIndex = 0; path = Pods_PlantCare.framework; sourceTree = BUILT_PRODUCTS_DIR; };
		841C8DB08947B349ACD04E3A /* Pods-PlantCare-PlantCareUITests.debug.xcconfig */ = {isa = PBXFileReference; includeInIndex = 1; lastKnownFileType = text.xcconfig; name = "Pods-PlantCare-PlantCareUITests.debug.xcconfig"; path = "Target Support Files/Pods-PlantCare-PlantCareUITests/Pods-PlantCare-PlantCareUITests.debug.xcconfig"; sourceTree = "<group>"; };
		912ED7079EDD202BB14CDC98 /* Pods_PlantCare_PlantCareUITests.framework */ = {isa = PBXFileReference; explicitFileType = wrapper.framework; includeInIndex = 0; path = Pods_PlantCare_PlantCareUITests.framework; sourceTree = BUILT_PRODUCTS_DIR; };
		AB174B4CBACAD7E3DD11724D /* Pods-PlantCareTests.release.xcconfig */ = {isa = PBXFileReference; includeInIndex = 1; lastKnownFileType = text.xcconfig; name = "Pods-PlantCareTests.release.xcconfig"; path = "Target Support Files/Pods-PlantCareTests/Pods-PlantCareTests.release.xcconfig"; sourceTree = "<group>"; };
		BC771459EDCADE673F85A402 /* Pods-PlantCare-PlantCareUITests.release.xcconfig */ = {isa = PBXFileReference; includeInIndex = 1; lastKnownFileType = text.xcconfig; name = "Pods-PlantCare-PlantCareUITests.release.xcconfig"; path = "Target Support Files/Pods-PlantCare-PlantCareUITests/Pods-PlantCare-PlantCareUITests.release.xcconfig"; sourceTree = "<group>"; };
		D0D6426EE77D0F8ECEB682AF /* Pods-PlantCareTests.debug.xcconfig */ = {isa = PBXFileReference; includeInIndex = 1; lastKnownFileType = text.xcconfig; name = "Pods-PlantCareTests.debug.xcconfig"; path = "Target Support Files/Pods-PlantCareTests/Pods-PlantCareTests.debug.xcconfig"; sourceTree = "<group>"; };
		DAAAFA685CB37787520FC8EE /* Pods-PlantCare.release.xcconfig */ = {isa = PBXFileReference; includeInIndex = 1; lastKnownFileType = text.xcconfig; name = "Pods-PlantCare.release.xcconfig"; path = "Target Support Files/Pods-PlantCare/Pods-PlantCare.release.xcconfig"; sourceTree = "<group>"; };
/* End PBXFileReference section */

/* Begin PBXFrameworksBuildPhase section */
		101530112510039900CD0EEA /* Frameworks */ = {
			isa = PBXFrameworksBuildPhase;
			buildActionMask = 2147483647;
			files = (
				10B5B8D7251CE2F6001F7F39 /* URLImage in Frameworks */,
				B181202B27B710708BDF1E3E /* Pods_PlantCare.framework in Frameworks */,
			);
			runOnlyForDeploymentPostprocessing = 0;
		};
		101530222510039A00CD0EEA /* Frameworks */ = {
			isa = PBXFrameworksBuildPhase;
			buildActionMask = 2147483647;
			files = (
				DDF9407EF7840480704C4A31 /* Pods_PlantCareTests.framework in Frameworks */,
			);
			runOnlyForDeploymentPostprocessing = 0;
		};
		1015302D2510039A00CD0EEA /* Frameworks */ = {
			isa = PBXFrameworksBuildPhase;
			buildActionMask = 2147483647;
			files = (
				255144FCE971B2C9746803A9 /* Pods_PlantCare_PlantCareUITests.framework in Frameworks */,
			);
			runOnlyForDeploymentPostprocessing = 0;
		};
/* End PBXFrameworksBuildPhase section */

/* Begin PBXGroup section */
		0027C234042D0B65E1BCC989 /* Frameworks */ = {
			isa = PBXGroup;
			children = (
				7F8912BFC9F249581A97AEF7 /* Pods_PlantCare.framework */,
				912ED7079EDD202BB14CDC98 /* Pods_PlantCare_PlantCareUITests.framework */,
				3FC7936D9CEA177E6F4D4CE5 /* Pods_PlantCareTests.framework */,
			);
			name = Frameworks;
			sourceTree = "<group>";
		};
		1001E365252547A800538CAD /* Home */ = {
			isa = PBXGroup;
			children = (
			);
			path = Home;
			sourceTree = "<group>";
		};
		1007619B2524D1F900341E01 /* DismissGuardian */ = {
			isa = PBXGroup;
			children = (
				1007619C2524D20A00341E01 /* DismissGuardian.swift */,
				100761A12524D22D00341E01 /* DismissGuardianUIHostingController.swift */,
				10B56AA6252D277A00EBF20A /* PresentationWrapper.swift */,
			);
			path = DismissGuardian;
			sourceTree = "<group>";
		};
		10093ADB251F966B00087D15 /* Mocks */ = {
			isa = PBXGroup;
			children = (
				10093AE1251F96D100087D15 /* JSONReader.swift */,
				10A800FA252265F7000D7780 /* mockHouses.json */,
				100761A62524D49C00341E01 /* MockPlant.swift */,
			);
			path = Mocks;
			sourceTree = "<group>";
		};
		1015300B2510039900CD0EEA = {
			isa = PBXGroup;
			children = (
				101530162510039900CD0EEA /* PlantCare */,
				101530282510039A00CD0EEA /* PlantCareTests */,
				101530332510039A00CD0EEA /* PlantCareUITests */,
				101530152510039900CD0EEA /* Products */,
				BDDF89816AAB8730B47905BC /* Pods */,
				0027C234042D0B65E1BCC989 /* Frameworks */,
			);
			sourceTree = "<group>";
		};
		101530152510039900CD0EEA /* Products */ = {
			isa = PBXGroup;
			children = (
				101530142510039900CD0EEA /* PlantCare.app */,
				101530252510039A00CD0EEA /* PlantCareTests.xctest */,
				101530302510039A00CD0EEA /* PlantCareUITests.xctest */,
			);
			name = Products;
			sourceTree = "<group>";
		};
		101530162510039900CD0EEA /* PlantCare */ = {
			isa = PBXGroup;
			children = (
				10F51E1E25276D64005E115F /* Images */,
				1007619B2524D1F900341E01 /* DismissGuardian */,
				104DE82F251BFA030062FE43 /* Plants */,
				101530172510039900CD0EEA /* PlantCareApp.swift */,
				101530192510039900CD0EEA /* ContentView.swift */,
				1015304625102F0800CD0EEA /* HomeView.swift */,
				1015304425102B6B00CD0EEA /* ViewRouter.swift */,
				1015304225100DED00CD0EEA /* FloatingTabbar.swift */,
				1015301B2510039A00CD0EEA /* Assets.xcassets */,
				101530202510039A00CD0EEA /* Info.plist */,
				101346432528C24F00B0ECAB /* GoogleService-Info.plist */,
				1015301D2510039A00CD0EEA /* Preview Content */,
				101530482511040C00CD0EEA /* Modifiers.swift */,
				1015304A2511056600CD0EEA /* SummaryView.swift */,
				10B5B8DB251CEF52001F7F39 /* DetailsView */,
				10E9D0C7251A5D5F00CDBE88 /* PlantListItemView.swift */,
				10C8E9C8251B9F6900AF4AC1 /* Utilities.swift */,
				10076191252401D400341E01 /* EditPlantView.swift */,
				1001E365252547A800538CAD /* Home */,
			);
			path = PlantCare;
			sourceTree = "<group>";
		};
		1015301D2510039A00CD0EEA /* Preview Content */ = {
			isa = PBXGroup;
			children = (
				1015301E2510039A00CD0EEA /* Preview Assets.xcassets */,
			);
			path = "Preview Content";
			sourceTree = "<group>";
		};
		101530282510039A00CD0EEA /* PlantCareTests */ = {
			isa = PBXGroup;
			children = (
				101530292510039A00CD0EEA /* PlantCareTests.swift */,
				1015302B2510039A00CD0EEA /* Info.plist */,
			);
			path = PlantCareTests;
			sourceTree = "<group>";
		};
		101530332510039A00CD0EEA /* PlantCareUITests */ = {
			isa = PBXGroup;
			children = (
				101530342510039A00CD0EEA /* PlantCareUITests.swift */,
				101530362510039A00CD0EEA /* Info.plist */,
			);
			path = PlantCareUITests;
			sourceTree = "<group>";
		};
		104DE82F251BFA030062FE43 /* Plants */ = {
			isa = PBXGroup;
			children = (
				10A80103252268B1000D7780 /* PlantCareViewModel.swift */,
				10093ADB251F966B00087D15 /* Mocks */,
				104DE830251BFA270062FE43 /* Plants.swift */,
				1049CB1E2520CBED0055E183 /* PlantService.swift */,
				10A800F525226529000D7780 /* House.swift */,
				10076196252402FD00341E01 /* EditPlantViewModel.swift */,
			);
			path = Plants;
			sourceTree = "<group>";
		};
		10B5B8DB251CEF52001F7F39 /* DetailsView */ = {
			isa = PBXGroup;
			children = (
				10830BBA251B89110029BC4D /* PlantRingView.swift */,
				10E9D0C2251A5D0A00CDBE88 /* PlantDetailView.swift */,
				10B5B8DC251CEF6A001F7F39 /* PlantInformationCard.swift */,
				10B5B8E4251D00E1001F7F39 /* PlantDetailBackButton.swift */,
			);
			path = DetailsView;
			sourceTree = "<group>";
		};
		10F51E1E25276D64005E115F /* Images */ = {
			isa = PBXGroup;
			children = (
				10F51E1F25276D78005E115F /* ImagePicker.swift */,
			);
			path = Images;
			sourceTree = "<group>";
		};
		BDDF89816AAB8730B47905BC /* Pods */ = {
			isa = PBXGroup;
			children = (
				62DC94426E410AF78B14ABC6 /* Pods-PlantCare.debug.xcconfig */,
				DAAAFA685CB37787520FC8EE /* Pods-PlantCare.release.xcconfig */,
				841C8DB08947B349ACD04E3A /* Pods-PlantCare-PlantCareUITests.debug.xcconfig */,
				BC771459EDCADE673F85A402 /* Pods-PlantCare-PlantCareUITests.release.xcconfig */,
				D0D6426EE77D0F8ECEB682AF /* Pods-PlantCareTests.debug.xcconfig */,
				AB174B4CBACAD7E3DD11724D /* Pods-PlantCareTests.release.xcconfig */,
			);
			path = Pods;
			sourceTree = "<group>";
		};
/* End PBXGroup section */

/* Begin PBXNativeTarget section */
		101530132510039900CD0EEA /* PlantCare */ = {
			isa = PBXNativeTarget;
			buildConfigurationList = 101530392510039A00CD0EEA /* Build configuration list for PBXNativeTarget "PlantCare" */;
			buildPhases = (
				49C62965A37C4D824925361F /* [CP] Check Pods Manifest.lock */,
				101530102510039900CD0EEA /* Sources */,
				101530112510039900CD0EEA /* Frameworks */,
				101530122510039900CD0EEA /* Resources */,
				F68C13E0BA6643DA6B1415E6 /* [CP] Embed Pods Frameworks */,
			);
			buildRules = (
			);
			dependencies = (
			);
			name = PlantCare;
			packageProductDependencies = (
				10B5B8D6251CE2F6001F7F39 /* URLImage */,
			);
			productName = PlantCare;
			productReference = 101530142510039900CD0EEA /* PlantCare.app */;
			productType = "com.apple.product-type.application";
		};
		101530242510039A00CD0EEA /* PlantCareTests */ = {
			isa = PBXNativeTarget;
			buildConfigurationList = 1015303C2510039A00CD0EEA /* Build configuration list for PBXNativeTarget "PlantCareTests" */;
			buildPhases = (
				FADEDD005DCAE11C911D743B /* [CP] Check Pods Manifest.lock */,
				101530212510039A00CD0EEA /* Sources */,
				101530222510039A00CD0EEA /* Frameworks */,
				101530232510039A00CD0EEA /* Resources */,
			);
			buildRules = (
			);
			dependencies = (
				101530272510039A00CD0EEA /* PBXTargetDependency */,
			);
			name = PlantCareTests;
			productName = PlantCareTests;
			productReference = 101530252510039A00CD0EEA /* PlantCareTests.xctest */;
			productType = "com.apple.product-type.bundle.unit-test";
		};
		1015302F2510039A00CD0EEA /* PlantCareUITests */ = {
			isa = PBXNativeTarget;
			buildConfigurationList = 1015303F2510039A00CD0EEA /* Build configuration list for PBXNativeTarget "PlantCareUITests" */;
			buildPhases = (
				F8EF89BA7AF5C1BFB18C05AD /* [CP] Check Pods Manifest.lock */,
				1015302C2510039A00CD0EEA /* Sources */,
				1015302D2510039A00CD0EEA /* Frameworks */,
				1015302E2510039A00CD0EEA /* Resources */,
				21AC14B92823EFD667E315B4 /* [CP] Embed Pods Frameworks */,
			);
			buildRules = (
			);
			dependencies = (
				101530322510039A00CD0EEA /* PBXTargetDependency */,
			);
			name = PlantCareUITests;
			productName = PlantCareUITests;
			productReference = 101530302510039A00CD0EEA /* PlantCareUITests.xctest */;
			productType = "com.apple.product-type.bundle.ui-testing";
		};
/* End PBXNativeTarget section */

/* Begin PBXProject section */
		1015300C2510039900CD0EEA /* Project object */ = {
			isa = PBXProject;
			attributes = {
				LastSwiftUpdateCheck = 1200;
				LastUpgradeCheck = 1200;
				TargetAttributes = {
					101530132510039900CD0EEA = {
						CreatedOnToolsVersion = 12.0;
					};
					101530242510039A00CD0EEA = {
						CreatedOnToolsVersion = 12.0;
						TestTargetID = 101530132510039900CD0EEA;
					};
					1015302F2510039A00CD0EEA = {
						CreatedOnToolsVersion = 12.0;
						TestTargetID = 101530132510039900CD0EEA;
					};
				};
			};
			buildConfigurationList = 1015300F2510039900CD0EEA /* Build configuration list for PBXProject "PlantCare" */;
			compatibilityVersion = "Xcode 9.3";
			developmentRegion = en;
			hasScannedForEncodings = 0;
			knownRegions = (
				en,
				Base,
			);
			mainGroup = 1015300B2510039900CD0EEA;
			packageReferences = (
				10B5B8D5251CE2F6001F7F39 /* XCRemoteSwiftPackageReference "url-image" */,
			);
			productRefGroup = 101530152510039900CD0EEA /* Products */;
			projectDirPath = "";
			projectRoot = "";
			targets = (
				101530132510039900CD0EEA /* PlantCare */,
				101530242510039A00CD0EEA /* PlantCareTests */,
				1015302F2510039A00CD0EEA /* PlantCareUITests */,
			);
		};
/* End PBXProject section */

/* Begin PBXResourcesBuildPhase section */
		101530122510039900CD0EEA /* Resources */ = {
			isa = PBXResourcesBuildPhase;
			buildActionMask = 2147483647;
			files = (
				10E50F3F25226E0700909E0C /* mockHouses.json in Resources */,
				1015301F2510039A00CD0EEA /* Preview Assets.xcassets in Resources */,
				101346442528C24F00B0ECAB /* GoogleService-Info.plist in Resources */,
				1015301C2510039A00CD0EEA /* Assets.xcassets in Resources */,
			);
			runOnlyForDeploymentPostprocessing = 0;
		};
		101530232510039A00CD0EEA /* Resources */ = {
			isa = PBXResourcesBuildPhase;
			buildActionMask = 2147483647;
			files = (
			);
			runOnlyForDeploymentPostprocessing = 0;
		};
		1015302E2510039A00CD0EEA /* Resources */ = {
			isa = PBXResourcesBuildPhase;
			buildActionMask = 2147483647;
			files = (
			);
			runOnlyForDeploymentPostprocessing = 0;
		};
/* End PBXResourcesBuildPhase section */

/* Begin PBXShellScriptBuildPhase section */
		21AC14B92823EFD667E315B4 /* [CP] Embed Pods Frameworks */ = {
			isa = PBXShellScriptBuildPhase;
			buildActionMask = 2147483647;
			files = (
			);
			inputFileListPaths = (
				"${PODS_ROOT}/Target Support Files/Pods-PlantCare-PlantCareUITests/Pods-PlantCare-PlantCareUITests-frameworks-${CONFIGURATION}-input-files.xcfilelist",
			);
			name = "[CP] Embed Pods Frameworks";
			outputFileListPaths = (
				"${PODS_ROOT}/Target Support Files/Pods-PlantCare-PlantCareUITests/Pods-PlantCare-PlantCareUITests-frameworks-${CONFIGURATION}-output-files.xcfilelist",
			);
			runOnlyForDeploymentPostprocessing = 0;
			shellPath = /bin/sh;
			shellScript = "\"${PODS_ROOT}/Target Support Files/Pods-PlantCare-PlantCareUITests/Pods-PlantCare-PlantCareUITests-frameworks.sh\"\n";
			showEnvVarsInLog = 0;
		};
		49C62965A37C4D824925361F /* [CP] Check Pods Manifest.lock */ = {
			isa = PBXShellScriptBuildPhase;
			buildActionMask = 2147483647;
			files = (
			);
			inputFileListPaths = (
			);
			inputPaths = (
				"${PODS_PODFILE_DIR_PATH}/Podfile.lock",
				"${PODS_ROOT}/Manifest.lock",
			);
			name = "[CP] Check Pods Manifest.lock";
			outputFileListPaths = (
			);
			outputPaths = (
				"$(DERIVED_FILE_DIR)/Pods-PlantCare-checkManifestLockResult.txt",
			);
			runOnlyForDeploymentPostprocessing = 0;
			shellPath = /bin/sh;
			shellScript = "diff \"${PODS_PODFILE_DIR_PATH}/Podfile.lock\" \"${PODS_ROOT}/Manifest.lock\" > /dev/null\nif [ $? != 0 ] ; then\n    # print error to STDERR\n    echo \"error: The sandbox is not in sync with the Podfile.lock. Run 'pod install' or update your CocoaPods installation.\" >&2\n    exit 1\nfi\n# This output is used by Xcode 'outputs' to avoid re-running this script phase.\necho \"SUCCESS\" > \"${SCRIPT_OUTPUT_FILE_0}\"\n";
			showEnvVarsInLog = 0;
		};
		F68C13E0BA6643DA6B1415E6 /* [CP] Embed Pods Frameworks */ = {
			isa = PBXShellScriptBuildPhase;
			buildActionMask = 2147483647;
			files = (
			);
			inputFileListPaths = (
				"${PODS_ROOT}/Target Support Files/Pods-PlantCare/Pods-PlantCare-frameworks-${CONFIGURATION}-input-files.xcfilelist",
			);
			name = "[CP] Embed Pods Frameworks";
			outputFileListPaths = (
				"${PODS_ROOT}/Target Support Files/Pods-PlantCare/Pods-PlantCare-frameworks-${CONFIGURATION}-output-files.xcfilelist",
			);
			runOnlyForDeploymentPostprocessing = 0;
			shellPath = /bin/sh;
			shellScript = "\"${PODS_ROOT}/Target Support Files/Pods-PlantCare/Pods-PlantCare-frameworks.sh\"\n";
			showEnvVarsInLog = 0;
		};
		F8EF89BA7AF5C1BFB18C05AD /* [CP] Check Pods Manifest.lock */ = {
			isa = PBXShellScriptBuildPhase;
			buildActionMask = 2147483647;
			files = (
			);
			inputFileListPaths = (
			);
			inputPaths = (
				"${PODS_PODFILE_DIR_PATH}/Podfile.lock",
				"${PODS_ROOT}/Manifest.lock",
			);
			name = "[CP] Check Pods Manifest.lock";
			outputFileListPaths = (
			);
			outputPaths = (
				"$(DERIVED_FILE_DIR)/Pods-PlantCare-PlantCareUITests-checkManifestLockResult.txt",
			);
			runOnlyForDeploymentPostprocessing = 0;
			shellPath = /bin/sh;
			shellScript = "diff \"${PODS_PODFILE_DIR_PATH}/Podfile.lock\" \"${PODS_ROOT}/Manifest.lock\" > /dev/null\nif [ $? != 0 ] ; then\n    # print error to STDERR\n    echo \"error: The sandbox is not in sync with the Podfile.lock. Run 'pod install' or update your CocoaPods installation.\" >&2\n    exit 1\nfi\n# This output is used by Xcode 'outputs' to avoid re-running this script phase.\necho \"SUCCESS\" > \"${SCRIPT_OUTPUT_FILE_0}\"\n";
			showEnvVarsInLog = 0;
		};
		FADEDD005DCAE11C911D743B /* [CP] Check Pods Manifest.lock */ = {
			isa = PBXShellScriptBuildPhase;
			buildActionMask = 2147483647;
			files = (
			);
			inputFileListPaths = (
			);
			inputPaths = (
				"${PODS_PODFILE_DIR_PATH}/Podfile.lock",
				"${PODS_ROOT}/Manifest.lock",
			);
			name = "[CP] Check Pods Manifest.lock";
			outputFileListPaths = (
			);
			outputPaths = (
				"$(DERIVED_FILE_DIR)/Pods-PlantCareTests-checkManifestLockResult.txt",
			);
			runOnlyForDeploymentPostprocessing = 0;
			shellPath = /bin/sh;
			shellScript = "diff \"${PODS_PODFILE_DIR_PATH}/Podfile.lock\" \"${PODS_ROOT}/Manifest.lock\" > /dev/null\nif [ $? != 0 ] ; then\n    # print error to STDERR\n    echo \"error: The sandbox is not in sync with the Podfile.lock. Run 'pod install' or update your CocoaPods installation.\" >&2\n    exit 1\nfi\n# This output is used by Xcode 'outputs' to avoid re-running this script phase.\necho \"SUCCESS\" > \"${SCRIPT_OUTPUT_FILE_0}\"\n";
			showEnvVarsInLog = 0;
		};
/* End PBXShellScriptBuildPhase section */

/* Begin PBXSourcesBuildPhase section */
		101530102510039900CD0EEA /* Sources */ = {
			isa = PBXSourcesBuildPhase;
			buildActionMask = 2147483647;
			files = (
				10093AE2251F96D100087D15 /* JSONReader.swift in Sources */,
				1015304325100DED00CD0EEA /* FloatingTabbar.swift in Sources */,
				10F51E2025276D78005E115F /* ImagePicker.swift in Sources */,
				10E9D0C8251A5D5F00CDBE88 /* PlantListItemView.swift in Sources */,
				10C8E9C9251B9F6900AF4AC1 /* Utilities.swift in Sources */,
				10A800F625226529000D7780 /* House.swift in Sources */,
				1015304B2511056600CD0EEA /* SummaryView.swift in Sources */,
				1049CB1F2520CBED0055E183 /* PlantService.swift in Sources */,
				10B5B8DD251CEF6A001F7F39 /* PlantInformationCard.swift in Sources */,
				10B5B8E5251D00E1001F7F39 /* PlantDetailBackButton.swift in Sources */,
				1015301A2510039900CD0EEA /* ContentView.swift in Sources */,
				100761A22524D22D00341E01 /* DismissGuardianUIHostingController.swift in Sources */,
				100761A72524D49C00341E01 /* MockPlant.swift in Sources */,
				104DE831251BFA270062FE43 /* Plants.swift in Sources */,
				10830BBB251B89110029BC4D /* PlantRingView.swift in Sources */,
				1015304525102B6B00CD0EEA /* ViewRouter.swift in Sources */,
				1015304725102F0800CD0EEA /* HomeView.swift in Sources */,
				10E9D0C3251A5D0A00CDBE88 /* PlantDetailView.swift in Sources */,
				10076197252402FD00341E01 /* EditPlantViewModel.swift in Sources */,
				1007619D2524D20A00341E01 /* DismissGuardian.swift in Sources */,
				101530492511040C00CD0EEA /* Modifiers.swift in Sources */,
				101530182510039900CD0EEA /* PlantCareApp.swift in Sources */,
				10B56AA7252D277A00EBF20A /* PresentationWrapper.swift in Sources */,
				10076192252401D400341E01 /* EditPlantView.swift in Sources */,
				10A80104252268B1000D7780 /* PlantCareViewModel.swift in Sources */,
			);
			runOnlyForDeploymentPostprocessing = 0;
		};
		101530212510039A00CD0EEA /* Sources */ = {
			isa = PBXSourcesBuildPhase;
			buildActionMask = 2147483647;
			files = (
				1015302A2510039A00CD0EEA /* PlantCareTests.swift in Sources */,
			);
			runOnlyForDeploymentPostprocessing = 0;
		};
		1015302C2510039A00CD0EEA /* Sources */ = {
			isa = PBXSourcesBuildPhase;
			buildActionMask = 2147483647;
			files = (
				101530352510039A00CD0EEA /* PlantCareUITests.swift in Sources */,
			);
			runOnlyForDeploymentPostprocessing = 0;
		};
/* End PBXSourcesBuildPhase section */

/* Begin PBXTargetDependency section */
		101530272510039A00CD0EEA /* PBXTargetDependency */ = {
			isa = PBXTargetDependency;
			target = 101530132510039900CD0EEA /* PlantCare */;
			targetProxy = 101530262510039A00CD0EEA /* PBXContainerItemProxy */;
		};
		101530322510039A00CD0EEA /* PBXTargetDependency */ = {
			isa = PBXTargetDependency;
			target = 101530132510039900CD0EEA /* PlantCare */;
			targetProxy = 101530312510039A00CD0EEA /* PBXContainerItemProxy */;
		};
/* End PBXTargetDependency section */

/* Begin XCBuildConfiguration section */
		101530372510039A00CD0EEA /* Debug */ = {
			isa = XCBuildConfiguration;
			buildSettings = {
				ALWAYS_SEARCH_USER_PATHS = NO;
				CLANG_ANALYZER_NONNULL = YES;
				CLANG_ANALYZER_NUMBER_OBJECT_CONVERSION = YES_AGGRESSIVE;
				CLANG_CXX_LANGUAGE_STANDARD = "gnu++14";
				CLANG_CXX_LIBRARY = "libc++";
				CLANG_ENABLE_MODULES = YES;
				CLANG_ENABLE_OBJC_ARC = YES;
				CLANG_ENABLE_OBJC_WEAK = YES;
				CLANG_WARN_BLOCK_CAPTURE_AUTORELEASING = YES;
				CLANG_WARN_BOOL_CONVERSION = YES;
				CLANG_WARN_COMMA = YES;
				CLANG_WARN_CONSTANT_CONVERSION = YES;
				CLANG_WARN_DEPRECATED_OBJC_IMPLEMENTATIONS = YES;
				CLANG_WARN_DIRECT_OBJC_ISA_USAGE = YES_ERROR;
				CLANG_WARN_DOCUMENTATION_COMMENTS = YES;
				CLANG_WARN_EMPTY_BODY = YES;
				CLANG_WARN_ENUM_CONVERSION = YES;
				CLANG_WARN_INFINITE_RECURSION = YES;
				CLANG_WARN_INT_CONVERSION = YES;
				CLANG_WARN_NON_LITERAL_NULL_CONVERSION = YES;
				CLANG_WARN_OBJC_IMPLICIT_RETAIN_SELF = YES;
				CLANG_WARN_OBJC_LITERAL_CONVERSION = YES;
				CLANG_WARN_OBJC_ROOT_CLASS = YES_ERROR;
				CLANG_WARN_QUOTED_INCLUDE_IN_FRAMEWORK_HEADER = YES;
				CLANG_WARN_RANGE_LOOP_ANALYSIS = YES;
				CLANG_WARN_STRICT_PROTOTYPES = YES;
				CLANG_WARN_SUSPICIOUS_MOVE = YES;
				CLANG_WARN_UNGUARDED_AVAILABILITY = YES_AGGRESSIVE;
				CLANG_WARN_UNREACHABLE_CODE = YES;
				CLANG_WARN__DUPLICATE_METHOD_MATCH = YES;
				COPY_PHASE_STRIP = NO;
				DEBUG_INFORMATION_FORMAT = dwarf;
				ENABLE_STRICT_OBJC_MSGSEND = YES;
				ENABLE_TESTABILITY = YES;
				GCC_C_LANGUAGE_STANDARD = gnu11;
				GCC_DYNAMIC_NO_PIC = NO;
				GCC_NO_COMMON_BLOCKS = YES;
				GCC_OPTIMIZATION_LEVEL = 0;
				GCC_PREPROCESSOR_DEFINITIONS = (
					"DEBUG=1",
					"$(inherited)",
				);
				GCC_WARN_64_TO_32_BIT_CONVERSION = YES;
				GCC_WARN_ABOUT_RETURN_TYPE = YES_ERROR;
				GCC_WARN_UNDECLARED_SELECTOR = YES;
				GCC_WARN_UNINITIALIZED_AUTOS = YES_AGGRESSIVE;
				GCC_WARN_UNUSED_FUNCTION = YES;
				GCC_WARN_UNUSED_VARIABLE = YES;
				IPHONEOS_DEPLOYMENT_TARGET = 14.0;
				MTL_ENABLE_DEBUG_INFO = INCLUDE_SOURCE;
				MTL_FAST_MATH = YES;
				ONLY_ACTIVE_ARCH = YES;
				SDKROOT = iphoneos;
				SWIFT_ACTIVE_COMPILATION_CONDITIONS = DEBUG;
				SWIFT_OPTIMIZATION_LEVEL = "-Onone";
			};
			name = Debug;
		};
		101530382510039A00CD0EEA /* Release */ = {
			isa = XCBuildConfiguration;
			buildSettings = {
				ALWAYS_SEARCH_USER_PATHS = NO;
				CLANG_ANALYZER_NONNULL = YES;
				CLANG_ANALYZER_NUMBER_OBJECT_CONVERSION = YES_AGGRESSIVE;
				CLANG_CXX_LANGUAGE_STANDARD = "gnu++14";
				CLANG_CXX_LIBRARY = "libc++";
				CLANG_ENABLE_MODULES = YES;
				CLANG_ENABLE_OBJC_ARC = YES;
				CLANG_ENABLE_OBJC_WEAK = YES;
				CLANG_WARN_BLOCK_CAPTURE_AUTORELEASING = YES;
				CLANG_WARN_BOOL_CONVERSION = YES;
				CLANG_WARN_COMMA = YES;
				CLANG_WARN_CONSTANT_CONVERSION = YES;
				CLANG_WARN_DEPRECATED_OBJC_IMPLEMENTATIONS = YES;
				CLANG_WARN_DIRECT_OBJC_ISA_USAGE = YES_ERROR;
				CLANG_WARN_DOCUMENTATION_COMMENTS = YES;
				CLANG_WARN_EMPTY_BODY = YES;
				CLANG_WARN_ENUM_CONVERSION = YES;
				CLANG_WARN_INFINITE_RECURSION = YES;
				CLANG_WARN_INT_CONVERSION = YES;
				CLANG_WARN_NON_LITERAL_NULL_CONVERSION = YES;
				CLANG_WARN_OBJC_IMPLICIT_RETAIN_SELF = YES;
				CLANG_WARN_OBJC_LITERAL_CONVERSION = YES;
				CLANG_WARN_OBJC_ROOT_CLASS = YES_ERROR;
				CLANG_WARN_QUOTED_INCLUDE_IN_FRAMEWORK_HEADER = YES;
				CLANG_WARN_RANGE_LOOP_ANALYSIS = YES;
				CLANG_WARN_STRICT_PROTOTYPES = YES;
				CLANG_WARN_SUSPICIOUS_MOVE = YES;
				CLANG_WARN_UNGUARDED_AVAILABILITY = YES_AGGRESSIVE;
				CLANG_WARN_UNREACHABLE_CODE = YES;
				CLANG_WARN__DUPLICATE_METHOD_MATCH = YES;
				COPY_PHASE_STRIP = NO;
				DEBUG_INFORMATION_FORMAT = "dwarf-with-dsym";
				ENABLE_NS_ASSERTIONS = NO;
				ENABLE_STRICT_OBJC_MSGSEND = YES;
				GCC_C_LANGUAGE_STANDARD = gnu11;
				GCC_NO_COMMON_BLOCKS = YES;
				GCC_WARN_64_TO_32_BIT_CONVERSION = YES;
				GCC_WARN_ABOUT_RETURN_TYPE = YES_ERROR;
				GCC_WARN_UNDECLARED_SELECTOR = YES;
				GCC_WARN_UNINITIALIZED_AUTOS = YES_AGGRESSIVE;
				GCC_WARN_UNUSED_FUNCTION = YES;
				GCC_WARN_UNUSED_VARIABLE = YES;
				IPHONEOS_DEPLOYMENT_TARGET = 14.0;
				MTL_ENABLE_DEBUG_INFO = NO;
				MTL_FAST_MATH = YES;
				SDKROOT = iphoneos;
				SWIFT_COMPILATION_MODE = wholemodule;
				SWIFT_OPTIMIZATION_LEVEL = "-O";
				VALIDATE_PRODUCT = YES;
			};
			name = Release;
		};
		1015303A2510039A00CD0EEA /* Debug */ = {
			isa = XCBuildConfiguration;
			baseConfigurationReference = 62DC94426E410AF78B14ABC6 /* Pods-PlantCare.debug.xcconfig */;
			buildSettings = {
				ASSETCATALOG_COMPILER_APPICON_NAME = AppIcon;
				ASSETCATALOG_COMPILER_GLOBAL_ACCENT_COLOR_NAME = AccentColor;
				CODE_SIGN_STYLE = Automatic;
				DEVELOPMENT_ASSET_PATHS = "\"PlantCare/Preview Content\"";
				DEVELOPMENT_TEAM = FQZEM45HL6;
				ENABLE_PREVIEWS = YES;
				INFOPLIST_FILE = PlantCare/Info.plist;
				IPHONEOS_DEPLOYMENT_TARGET = 14.0;
				LD_RUNPATH_SEARCH_PATHS = (
					"$(inherited)",
					"@executable_path/Frameworks",
				);
				PRODUCT_BUNDLE_IDENTIFIER = com.ericalas.PlantCare;
				PRODUCT_NAME = "$(TARGET_NAME)";
				SWIFT_VERSION = 5.0;
				TARGETED_DEVICE_FAMILY = "1,2";
			};
			name = Debug;
		};
		1015303B2510039A00CD0EEA /* Release */ = {
			isa = XCBuildConfiguration;
			baseConfigurationReference = DAAAFA685CB37787520FC8EE /* Pods-PlantCare.release.xcconfig */;
			buildSettings = {
				ASSETCATALOG_COMPILER_APPICON_NAME = AppIcon;
				ASSETCATALOG_COMPILER_GLOBAL_ACCENT_COLOR_NAME = AccentColor;
				CODE_SIGN_STYLE = Automatic;
				DEVELOPMENT_ASSET_PATHS = "\"PlantCare/Preview Content\"";
				DEVELOPMENT_TEAM = FQZEM45HL6;
				ENABLE_PREVIEWS = YES;
				INFOPLIST_FILE = PlantCare/Info.plist;
				IPHONEOS_DEPLOYMENT_TARGET = 14.0;
				LD_RUNPATH_SEARCH_PATHS = (
					"$(inherited)",
					"@executable_path/Frameworks",
				);
				PRODUCT_BUNDLE_IDENTIFIER = com.ericalas.PlantCare;
				PRODUCT_NAME = "$(TARGET_NAME)";
				SWIFT_VERSION = 5.0;
				TARGETED_DEVICE_FAMILY = "1,2";
			};
			name = Release;
		};
		1015303D2510039A00CD0EEA /* Debug */ = {
			isa = XCBuildConfiguration;
			baseConfigurationReference = D0D6426EE77D0F8ECEB682AF /* Pods-PlantCareTests.debug.xcconfig */;
			buildSettings = {
				ALWAYS_EMBED_SWIFT_STANDARD_LIBRARIES = YES;
				BUNDLE_LOADER = "$(TEST_HOST)";
				CODE_SIGN_STYLE = Automatic;
				DEVELOPMENT_TEAM = FQZEM45HL6;
				INFOPLIST_FILE = PlantCareTests/Info.plist;
				IPHONEOS_DEPLOYMENT_TARGET = 14.0;
				LD_RUNPATH_SEARCH_PATHS = (
					"$(inherited)",
					"@executable_path/Frameworks",
					"@loader_path/Frameworks",
				);
				PRODUCT_BUNDLE_IDENTIFIER = com.ericalas.PlantCareTests;
				PRODUCT_NAME = "$(TARGET_NAME)";
				SWIFT_VERSION = 5.0;
				TARGETED_DEVICE_FAMILY = "1,2";
				TEST_HOST = "$(BUILT_PRODUCTS_DIR)/PlantCare.app/PlantCare";
			};
			name = Debug;
		};
		1015303E2510039A00CD0EEA /* Release */ = {
			isa = XCBuildConfiguration;
			baseConfigurationReference = AB174B4CBACAD7E3DD11724D /* Pods-PlantCareTests.release.xcconfig */;
			buildSettings = {
				ALWAYS_EMBED_SWIFT_STANDARD_LIBRARIES = YES;
				BUNDLE_LOADER = "$(TEST_HOST)";
				CODE_SIGN_STYLE = Automatic;
				DEVELOPMENT_TEAM = FQZEM45HL6;
				INFOPLIST_FILE = PlantCareTests/Info.plist;
				IPHONEOS_DEPLOYMENT_TARGET = 14.0;
				LD_RUNPATH_SEARCH_PATHS = (
					"$(inherited)",
					"@executable_path/Frameworks",
					"@loader_path/Frameworks",
				);
				PRODUCT_BUNDLE_IDENTIFIER = com.ericalas.PlantCareTests;
				PRODUCT_NAME = "$(TARGET_NAME)";
				SWIFT_VERSION = 5.0;
				TARGETED_DEVICE_FAMILY = "1,2";
				TEST_HOST = "$(BUILT_PRODUCTS_DIR)/PlantCare.app/PlantCare";
			};
			name = Release;
		};
		101530402510039A00CD0EEA /* Debug */ = {
			isa = XCBuildConfiguration;
			baseConfigurationReference = 841C8DB08947B349ACD04E3A /* Pods-PlantCare-PlantCareUITests.debug.xcconfig */;
			buildSettings = {
				ALWAYS_EMBED_SWIFT_STANDARD_LIBRARIES = YES;
				CODE_SIGN_STYLE = Automatic;
				DEVELOPMENT_TEAM = FQZEM45HL6;
				INFOPLIST_FILE = PlantCareUITests/Info.plist;
				LD_RUNPATH_SEARCH_PATHS = (
					"$(inherited)",
					"@executable_path/Frameworks",
					"@loader_path/Frameworks",
				);
				PRODUCT_BUNDLE_IDENTIFIER = com.ericalas.PlantCareUITests;
				PRODUCT_NAME = "$(TARGET_NAME)";
				SWIFT_VERSION = 5.0;
				TARGETED_DEVICE_FAMILY = "1,2";
				TEST_TARGET_NAME = PlantCare;
			};
			name = Debug;
		};
		101530412510039A00CD0EEA /* Release */ = {
			isa = XCBuildConfiguration;
			baseConfigurationReference = BC771459EDCADE673F85A402 /* Pods-PlantCare-PlantCareUITests.release.xcconfig */;
			buildSettings = {
				ALWAYS_EMBED_SWIFT_STANDARD_LIBRARIES = YES;
				CODE_SIGN_STYLE = Automatic;
				DEVELOPMENT_TEAM = FQZEM45HL6;
				INFOPLIST_FILE = PlantCareUITests/Info.plist;
				LD_RUNPATH_SEARCH_PATHS = (
					"$(inherited)",
					"@executable_path/Frameworks",
					"@loader_path/Frameworks",
				);
				PRODUCT_BUNDLE_IDENTIFIER = com.ericalas.PlantCareUITests;
				PRODUCT_NAME = "$(TARGET_NAME)";
				SWIFT_VERSION = 5.0;
				TARGETED_DEVICE_FAMILY = "1,2";
				TEST_TARGET_NAME = PlantCare;
			};
			name = Release;
		};
/* End XCBuildConfiguration section */

/* Begin XCConfigurationList section */
		1015300F2510039900CD0EEA /* Build configuration list for PBXProject "PlantCare" */ = {
			isa = XCConfigurationList;
			buildConfigurations = (
				101530372510039A00CD0EEA /* Debug */,
				101530382510039A00CD0EEA /* Release */,
			);
			defaultConfigurationIsVisible = 0;
			defaultConfigurationName = Release;
		};
		101530392510039A00CD0EEA /* Build configuration list for PBXNativeTarget "PlantCare" */ = {
			isa = XCConfigurationList;
			buildConfigurations = (
				1015303A2510039A00CD0EEA /* Debug */,
				1015303B2510039A00CD0EEA /* Release */,
			);
			defaultConfigurationIsVisible = 0;
			defaultConfigurationName = Release;
		};
		1015303C2510039A00CD0EEA /* Build configuration list for PBXNativeTarget "PlantCareTests" */ = {
			isa = XCConfigurationList;
			buildConfigurations = (
				1015303D2510039A00CD0EEA /* Debug */,
				1015303E2510039A00CD0EEA /* Release */,
			);
			defaultConfigurationIsVisible = 0;
			defaultConfigurationName = Release;
		};
		1015303F2510039A00CD0EEA /* Build configuration list for PBXNativeTarget "PlantCareUITests" */ = {
			isa = XCConfigurationList;
			buildConfigurations = (
				101530402510039A00CD0EEA /* Debug */,
				101530412510039A00CD0EEA /* Release */,
			);
			defaultConfigurationIsVisible = 0;
			defaultConfigurationName = Release;
		};
/* End XCConfigurationList section */

/* Begin XCRemoteSwiftPackageReference section */
		10B5B8D5251CE2F6001F7F39 /* XCRemoteSwiftPackageReference "url-image" */ = {
			isa = XCRemoteSwiftPackageReference;
			repositoryURL = "https://github.com/dmytro-anokhin/url-image.git";
			requirement = {
				kind = upToNextMajorVersion;
				minimumVersion = 0.9.19;
			};
		};
/* End XCRemoteSwiftPackageReference section */

/* Begin XCSwiftPackageProductDependency section */
		10B5B8D6251CE2F6001F7F39 /* URLImage */ = {
			isa = XCSwiftPackageProductDependency;
			package = 10B5B8D5251CE2F6001F7F39 /* XCRemoteSwiftPackageReference "url-image" */;
			productName = URLImage;
		};
/* End XCSwiftPackageProductDependency section */
	};
	rootObject = 1015300C2510039900CD0EEA /* Project object */;
}
